
Microsoft Visual Studio Solution File, Format Version 12.00
# Visual Studio Version 17
VisualStudioVersion = 17.8.34322.80
MinimumVisualStudioVersion = 10.0.40219.1
Project("{FAE04EC0-301F-11D3-BF4B-00C04F79EFBC}") = "WebListaEsperaMentoria", "WebListaEsperaMentoria\WebListaEsperaMentoria.csproj", "{ECD04546-BD45-4066-8018-4EBCD3CCCB33}"
EndProject
Global
	GlobalSection(SolutionConfigurationPlatforms) = preSolution
		Debug|Any CPU = Debug|Any CPU
		Release|Any CPU = Release|Any CPU
	EndGlobalSection
	GlobalSection(ProjectConfigurationPlatforms) = postSolution
		{ECD04546-BD45-4066-8018-4EBCD3CCCB33}.Debug|Any CPU.ActiveCfg = Debug|Any CPU
		{ECD04546-BD45-4066-8018-4EBCD3CCCB33}.Debug|Any CPU.Build.0 = Debug|Any CPU
		{ECD04546-BD45-4066-8018-4EBCD3CCCB33}.Release|Any CPU.ActiveCfg = Release|Any CPU
		{ECD04546-BD45-4066-8018-4EBCD3CCCB33}.Release|Any CPU.Build.0 = Release|Any CPU
	EndGlobalSection
	GlobalSection(SolutionProperties) = preSolution
		HideSolutionNode = FALSE
	EndGlobalSection
	GlobalSection(ExtensibilityGlobals) = postSolution
		SolutionGuid = {61714FCE-953C-40B9-B288-A8793048063D}
	EndGlobalSection
EndGlobal
